
Microsoft Visual Studio Solution File, Format Version 12.00
Project("{FAE04EC0-301F-11D3-BF4B-00C04F79EFBC}") = "obdz_lb2_2", "obdz_lb2_2\obdz_lb2_2.csproj", "{2A8250DA-00C1-4107-B972-939D63C9D1AA}"
EndProject
Global
	GlobalSection(SolutionConfigurationPlatforms) = preSolution
		Debug|Any CPU = Debug|Any CPU
		Release|Any CPU = Release|Any CPU
	EndGlobalSection
	GlobalSection(ProjectConfigurationPlatforms) = postSolution
		{2A8250DA-00C1-4107-B972-939D63C9D1AA}.Debug|Any CPU.ActiveCfg = Debug|Any CPU
		{2A8250DA-00C1-4107-B972-939D63C9D1AA}.Debug|Any CPU.Build.0 = Debug|Any CPU
		{2A8250DA-00C1-4107-B972-939D63C9D1AA}.Release|Any CPU.ActiveCfg = Release|Any CPU
		{2A8250DA-00C1-4107-B972-939D63C9D1AA}.Release|Any CPU.Build.0 = Release|Any CPU
	EndGlobalSection
EndGlobal
